
Microsoft Visual Studio Solution File, Format Version 12.00
# Visual Studio 2012
Project("{FAE04EC0-301F-11D3-BF4B-00C04F79EFBC}") = "AsReaderLR_VS", "AsReaderLR_VS.csproj", "{A049D83C-3068-41F7-B2EA-DFCB62E042F7}"
EndProject
Global
	GlobalSection(SolutionConfigurationPlatforms) = preSolution
		Debug|iPhoneSimulator = Debug|iPhoneSimulator
		Release|iPhone = Release|iPhone
		Release|iPhoneSimulator = Release|iPhoneSimulator
		Debug|iPhone = Debug|iPhone
	EndGlobalSection
	GlobalSection(ProjectConfigurationPlatforms) = postSolution
		{A049D83C-3068-41F7-B2EA-DFCB62E042F7}.Debug|iPhoneSimulator.ActiveCfg = Debug|iPhoneSimulator
		{A049D83C-3068-41F7-B2EA-DFCB62E042F7}.Debug|iPhoneSimulator.Build.0 = Debug|iPhoneSimulator
		{A049D83C-3068-41F7-B2EA-DFCB62E042F7}.Release|iPhone.ActiveCfg = Release|iPhone
		{A049D83C-3068-41F7-B2EA-DFCB62E042F7}.Release|iPhone.Build.0 = Release|iPhone
		{A049D83C-3068-41F7-B2EA-DFCB62E042F7}.Release|iPhoneSimulator.ActiveCfg = Release|iPhoneSimulator
		{A049D83C-3068-41F7-B2EA-DFCB62E042F7}.Release|iPhoneSimulator.Build.0 = Release|iPhoneSimulator
		{A049D83C-3068-41F7-B2EA-DFCB62E042F7}.Debug|iPhone.ActiveCfg = Debug|iPhone
		{A049D83C-3068-41F7-B2EA-DFCB62E042F7}.Debug|iPhone.Build.0 = Debug|iPhone
	EndGlobalSection
EndGlobal
